
Microsoft Visual Studio Solution File, Format Version 12.00
# Visual Studio Version 16
VisualStudioVersion = 16.0.29409.12
MinimumVisualStudioVersion = 10.0.40219.1
Project("{FAE04EC0-301F-11D3-BF4B-00C04F79EFBC}") = "DGScope", "scope\DGScope.csproj", "{DE29D155-652E-44C2-8008-C6C3E5A45A16}"
EndProject
Project("{FAE04EC0-301F-11D3-BF4B-00C04F79EFBC}") = "NexradDecoder", "NexradDecoder\NexradDecoder.csproj", "{6A8559F0-0F1F-49C6-BAAE-6D1C0A624940}"
EndProject
Project("{9A19103F-16F7-4668-BE54-9A1E7A4F7556}") = "DGScope.Receivers.ADSBX", "DGScope.Receivers.ADSBX\DGScope.Receivers.ADSBX.csproj", "{34098207-2394-481B-BF0E-91595F175EAD}"
EndProject
Project("{FAE04EC0-301F-11D3-BF4B-00C04F79EFBC}") = "DGScope.Receivers.SBS", "DGScope.Receivers.SBS\DGScope.Receivers.SBS.csproj", "{601B971D-2AE6-4CEA-A7E2-F09A53149DA4}"
EndProject
Project("{FAE04EC0-301F-11D3-BF4B-00C04F79EFBC}") = "DGScope.Receivers.Beast", "DGScope.Receivers.Beast\DGScope.Receivers.Beast.csproj", "{136B8F7D-EB0B-4260-83E9-95CE105D20F5}"
EndProject
Global
	GlobalSection(SolutionConfigurationPlatforms) = preSolution
		Debug|Any CPU = Debug|Any CPU
		Release|Any CPU = Release|Any CPU
	EndGlobalSection
	GlobalSection(ProjectConfigurationPlatforms) = postSolution
		{DE29D155-652E-44C2-8008-C6C3E5A45A16}.Debug|Any CPU.ActiveCfg = Debug|Any CPU
		{DE29D155-652E-44C2-8008-C6C3E5A45A16}.Debug|Any CPU.Build.0 = Debug|Any CPU
		{DE29D155-652E-44C2-8008-C6C3E5A45A16}.Release|Any CPU.ActiveCfg = Release|Any CPU
		{DE29D155-652E-44C2-8008-C6C3E5A45A16}.Release|Any CPU.Build.0 = Release|Any CPU
		{6A8559F0-0F1F-49C6-BAAE-6D1C0A624940}.Debug|Any CPU.ActiveCfg = Debug|Any CPU
		{6A8559F0-0F1F-49C6-BAAE-6D1C0A624940}.Debug|Any CPU.Build.0 = Debug|Any CPU
		{6A8559F0-0F1F-49C6-BAAE-6D1C0A624940}.Release|Any CPU.ActiveCfg = Release|Any CPU
		{6A8559F0-0F1F-49C6-BAAE-6D1C0A624940}.Release|Any CPU.Build.0 = Release|Any CPU
		{34098207-2394-481B-BF0E-91595F175EAD}.Debug|Any CPU.ActiveCfg = Debug|Any CPU
		{34098207-2394-481B-BF0E-91595F175EAD}.Debug|Any CPU.Build.0 = Debug|Any CPU
		{34098207-2394-481B-BF0E-91595F175EAD}.Release|Any CPU.ActiveCfg = Release|Any CPU
		{34098207-2394-481B-BF0E-91595F175EAD}.Release|Any CPU.Build.0 = Release|Any CPU
		{601B971D-2AE6-4CEA-A7E2-F09A53149DA4}.Debug|Any CPU.ActiveCfg = Debug|Any CPU
		{601B971D-2AE6-4CEA-A7E2-F09A53149DA4}.Debug|Any CPU.Build.0 = Debug|Any CPU
		{601B971D-2AE6-4CEA-A7E2-F09A53149DA4}.Release|Any CPU.ActiveCfg = Release|Any CPU
		{601B971D-2AE6-4CEA-A7E2-F09A53149DA4}.Release|Any CPU.Build.0 = Release|Any CPU
		{136B8F7D-EB0B-4260-83E9-95CE105D20F5}.Debug|Any CPU.ActiveCfg = Debug|Any CPU
		{136B8F7D-EB0B-4260-83E9-95CE105D20F5}.Debug|Any CPU.Build.0 = Debug|Any CPU
		{136B8F7D-EB0B-4260-83E9-95CE105D20F5}.Release|Any CPU.ActiveCfg = Release|Any CPU
		{136B8F7D-EB0B-4260-83E9-95CE105D20F5}.Release|Any CPU.Build.0 = Release|Any CPU
	EndGlobalSection
	GlobalSection(SolutionProperties) = preSolution
		HideSolutionNode = FALSE
	EndGlobalSection
	GlobalSection(ExtensibilityGlobals) = postSolution
		SolutionGuid = {93ABEAEC-F5D8-4939-9FD8-52A6A3034B8E}
	EndGlobalSection
EndGlobal
