
Microsoft Visual Studio Solution File, Format Version 12.00
# Visual Studio Version 17
VisualStudioVersion = 17.5.33516.290
MinimumVisualStudioVersion = 10.0.40219.1
Project("{FAE04EC0-301F-11D3-BF4B-00C04F79EFBC}") = "DGScope", "scope\DGScope.csproj", "{DE29D155-652E-44C2-8008-C6C3E5A45A16}"
EndProject
Project("{FAE04EC0-301F-11D3-BF4B-00C04F79EFBC}") = "NexradDecoder", "NexradDecoder\NexradDecoder.csproj", "{6A8559F0-0F1F-49C6-BAAE-6D1C0A624940}"
EndProject
Project("{9A19103F-16F7-4668-BE54-9A1E7A4F7556}") = "DGScope.Receivers.SBS", "DGScope.Receivers.SBS\DGScope.Receivers.SBS.csproj", "{601B971D-2AE6-4CEA-A7E2-F09A53149DA4}"
EndProject
Project("{FAE04EC0-301F-11D3-BF4B-00C04F79EFBC}") = "DGScope.Receivers.ScopeServer", "DGScope.Receivers.ScopeServer\DGScope.Receivers.ScopeServer.csproj", "{D5233442-294C-40D2-B698-1D7D1B399A2E}"
EndProject
Project("{9A19103F-16F7-4668-BE54-9A1E7A4F7556}") = "DGScope.Receivers.ADSBX", "DGScope.Receivers.ADSBX\DGScope.Receivers.ADSBX.csproj", "{E23C70AE-1E74-4A40-8C93-22E247ADCA08}"
EndProject
Project("{9A19103F-16F7-4668-BE54-9A1E7A4F7556}") = "DGScope.Receivers.Asterix", "DGScope.Receivers.Asterix\DGScope.Receivers.Asterix.csproj", "{D78F09F4-C99F-4F04-9B23-F4B218F6B034}"
EndProject
Project("{FAE04EC0-301F-11D3-BF4B-00C04F79EFBC}") = "csharp-metar-decoder", "csharp-metar-decoder\csharp-metar-decoder\csharp-metar-decoder.csproj", "{14D27854-AB0A-45DE-9B68-EE7E926AA1B6}"
EndProject
Global
	GlobalSection(SolutionConfigurationPlatforms) = preSolution
		Debug|Any CPU = Debug|Any CPU
		Release|Any CPU = Release|Any CPU
	EndGlobalSection
	GlobalSection(ProjectConfigurationPlatforms) = postSolution
		{DE29D155-652E-44C2-8008-C6C3E5A45A16}.Debug|Any CPU.ActiveCfg = Debug|Any CPU
		{DE29D155-652E-44C2-8008-C6C3E5A45A16}.Debug|Any CPU.Build.0 = Debug|Any CPU
		{DE29D155-652E-44C2-8008-C6C3E5A45A16}.Release|Any CPU.ActiveCfg = Release|Any CPU
		{DE29D155-652E-44C2-8008-C6C3E5A45A16}.Release|Any CPU.Build.0 = Release|Any CPU
		{6A8559F0-0F1F-49C6-BAAE-6D1C0A624940}.Debug|Any CPU.ActiveCfg = Debug|Any CPU
		{6A8559F0-0F1F-49C6-BAAE-6D1C0A624940}.Debug|Any CPU.Build.0 = Debug|Any CPU
		{6A8559F0-0F1F-49C6-BAAE-6D1C0A624940}.Release|Any CPU.ActiveCfg = Release|Any CPU
		{6A8559F0-0F1F-49C6-BAAE-6D1C0A624940}.Release|Any CPU.Build.0 = Release|Any CPU
		{601B971D-2AE6-4CEA-A7E2-F09A53149DA4}.Debug|Any CPU.ActiveCfg = Debug|Any CPU
		{601B971D-2AE6-4CEA-A7E2-F09A53149DA4}.Debug|Any CPU.Build.0 = Debug|Any CPU
		{601B971D-2AE6-4CEA-A7E2-F09A53149DA4}.Release|Any CPU.ActiveCfg = Release|Any CPU
		{601B971D-2AE6-4CEA-A7E2-F09A53149DA4}.Release|Any CPU.Build.0 = Release|Any CPU
		{D5233442-294C-40D2-B698-1D7D1B399A2E}.Debug|Any CPU.ActiveCfg = Debug|Any CPU
		{D5233442-294C-40D2-B698-1D7D1B399A2E}.Debug|Any CPU.Build.0 = Debug|Any CPU
		{D5233442-294C-40D2-B698-1D7D1B399A2E}.Release|Any CPU.ActiveCfg = Release|Any CPU
		{D5233442-294C-40D2-B698-1D7D1B399A2E}.Release|Any CPU.Build.0 = Release|Any CPU
		{E23C70AE-1E74-4A40-8C93-22E247ADCA08}.Debug|Any CPU.ActiveCfg = Debug|Any CPU
		{E23C70AE-1E74-4A40-8C93-22E247ADCA08}.Debug|Any CPU.Build.0 = Debug|Any CPU
		{E23C70AE-1E74-4A40-8C93-22E247ADCA08}.Release|Any CPU.ActiveCfg = Release|Any CPU
		{E23C70AE-1E74-4A40-8C93-22E247ADCA08}.Release|Any CPU.Build.0 = Release|Any CPU
		{D78F09F4-C99F-4F04-9B23-F4B218F6B034}.Debug|Any CPU.ActiveCfg = Debug|Any CPU
		{D78F09F4-C99F-4F04-9B23-F4B218F6B034}.Debug|Any CPU.Build.0 = Debug|Any CPU
		{D78F09F4-C99F-4F04-9B23-F4B218F6B034}.Release|Any CPU.ActiveCfg = Release|Any CPU
		{D78F09F4-C99F-4F04-9B23-F4B218F6B034}.Release|Any CPU.Build.0 = Release|Any CPU
		{14D27854-AB0A-45DE-9B68-EE7E926AA1B6}.Debug|Any CPU.ActiveCfg = Debug|Any CPU
		{14D27854-AB0A-45DE-9B68-EE7E926AA1B6}.Debug|Any CPU.Build.0 = Debug|Any CPU
		{14D27854-AB0A-45DE-9B68-EE7E926AA1B6}.Release|Any CPU.ActiveCfg = Release|Any CPU
		{14D27854-AB0A-45DE-9B68-EE7E926AA1B6}.Release|Any CPU.Build.0 = Release|Any CPU
	EndGlobalSection
	GlobalSection(SolutionProperties) = preSolution
		HideSolutionNode = FALSE
	EndGlobalSection
	GlobalSection(ExtensibilityGlobals) = postSolution
		SolutionGuid = {93ABEAEC-F5D8-4939-9FD8-52A6A3034B8E}
	EndGlobalSection
EndGlobal
